
Microsoft Visual Studio Solution File, Format Version 12.00
# Visual Studio Version 17
VisualStudioVersion = 17.14.37216.2 d17.14
MinimumVisualStudioVersion = 10.0.40219.1
Project("{FAE04EC0-301F-11D3-BF4B-00C04F79EFBC}") = "RoyalVilla_API", "RoyalVilla_API\RoyalVilla_API.csproj", "{D97FD760-E080-4A1A-8221-5E355BB16214}"
EndProject
Global
	GlobalSection(SolutionConfigurationPlatforms) = preSolution
		Debug|Any CPU = Debug|Any CPU
		Release|Any CPU = Release|Any CPU
	EndGlobalSection
	GlobalSection(ProjectConfigurationPlatforms) = postSolution
		{D97FD760-E080-4A1A-8221-5E355BB16214}.Debug|Any CPU.ActiveCfg = Debug|Any CPU
		{D97FD760-E080-4A1A-8221-5E355BB16214}.Debug|Any CPU.Build.0 = Debug|Any CPU
		{D97FD760-E080-4A1A-8221-5E355BB16214}.Release|Any CPU.ActiveCfg = Release|Any CPU
		{D97FD760-E080-4A1A-8221-5E355BB16214}.Release|Any CPU.Build.0 = Release|Any CPU
	EndGlobalSection
	GlobalSection(SolutionProperties) = preSolution
		HideSolutionNode = FALSE
	EndGlobalSection
	GlobalSection(ExtensibilityGlobals) = postSolution
		SolutionGuid = {436A6900-65AE-429F-8404-779146285065}
	EndGlobalSection
EndGlobal
